// !$*UTF8*$!
{
	archiveVersion = 1;
	classes = {
	};
	objectVersion = 50;
	objects = {

/* Begin PBXBuildFile section */
		38C1556B2468522E003D9146 /* Aphrodite.framework in Frameworks */ = {isa = PBXBuildFile; fileRef = 38C155612468522E003D9146 /* Aphrodite.framework */; };
		38C155702468522E003D9146 /* Tests.swift in Sources */ = {isa = PBXBuildFile; fileRef = 38C1556F2468522E003D9146 /* Tests.swift */; };
		38C155722468522E003D9146 /* Aphrodite.h in Headers */ = {isa = PBXBuildFile; fileRef = 38C155642468522E003D9146 /* Aphrodite.h */; settings = {ATTRIBUTES = (Public, ); }; };
		38C155B124685282003D9146 /* JSONDecoderExtensions.swift in Sources */ = {isa = PBXBuildFile; fileRef = 38C1557E24685282003D9146 /* JSONDecoderExtensions.swift */; };
		38C155B224685282003D9146 /* DictionaryExtensions.swift in Sources */ = {isa = PBXBuildFile; fileRef = 38C1557F24685282003D9146 /* DictionaryExtensions.swift */; };
		38C155B324685282003D9146 /* CharacterSetExtension.swift in Sources */ = {isa = PBXBuildFile; fileRef = 38C1558024685282003D9146 /* CharacterSetExtension.swift */; };
		38C155B424685282003D9146 /* URLRequestExtensions.swift in Sources */ = {isa = PBXBuildFile; fileRef = 38C1558124685282003D9146 /* URLRequestExtensions.swift */; };
		38C155B524685282003D9146 /* URLExtensions.swift in Sources */ = {isa = PBXBuildFile; fileRef = 38C1558224685282003D9146 /* URLExtensions.swift */; };
		38C155B624685282003D9146 /* JSONEncoderExtensions.swift in Sources */ = {isa = PBXBuildFile; fileRef = 38C1558324685282003D9146 /* JSONEncoderExtensions.swift */; };
		38C155B724685282003D9146 /* NSNumberExtension.swift in Sources */ = {isa = PBXBuildFile; fileRef = 38C1558424685282003D9146 /* NSNumberExtension.swift */; };
		38C155B924685282003D9146 /* Aphrodite.swift in Sources */ = {isa = PBXBuildFile; fileRef = 38C1558924685282003D9146 /* Aphrodite.swift */; };
		38C155BB24685282003D9146 /* ParameterEncoding.swift in Sources */ = {isa = PBXBuildFile; fileRef = 38C1558E24685282003D9146 /* ParameterEncoding.swift */; };
		38C155BC24685282003D9146 /* URLParameterEncoding.swift in Sources */ = {isa = PBXBuildFile; fileRef = 38C1558F24685282003D9146 /* URLParameterEncoding.swift */; };
		38C155BD24685282003D9146 /* JSONParameterEncoding.swift in Sources */ = {isa = PBXBuildFile; fileRef = 38C1559024685282003D9146 /* JSONParameterEncoding.swift */; };
		38C155BE24685282003D9146 /* StatusCode.swift in Sources */ = {isa = PBXBuildFile; fileRef = 38C1559124685282003D9146 /* StatusCode.swift */; };
		38C155BF24685282003D9146 /* AphroditeError.swift in Sources */ = {isa = PBXBuildFile; fileRef = 38C1559224685282003D9146 /* AphroditeError.swift */; };
		38C155C024685282003D9146 /* NetworkRequestHeaderFactory.swift in Sources */ = {isa = PBXBuildFile; fileRef = 38C1559324685282003D9146 /* NetworkRequestHeaderFactory.swift */; };
		38C155C124685282003D9146 /* HttpTask.swift in Sources */ = {isa = PBXBuildFile; fileRef = 38C1559424685282003D9146 /* HttpTask.swift */; };
		38C155C224685282003D9146 /* NetworkResponse.swift in Sources */ = {isa = PBXBuildFile; fileRef = 38C1559524685282003D9146 /* NetworkResponse.swift */; };
		38C155C324685282003D9146 /* HttpHeaderField.swift in Sources */ = {isa = PBXBuildFile; fileRef = 38C1559624685282003D9146 /* HttpHeaderField.swift */; };
		38C155C424685282003D9146 /* NetworkPlugin.swift in Sources */ = {isa = PBXBuildFile; fileRef = 38C1559724685282003D9146 /* NetworkPlugin.swift */; };
		38C155C524685282003D9146 /* HttpMethod.swift in Sources */ = {isa = PBXBuildFile; fileRef = 38C1559824685282003D9146 /* HttpMethod.swift */; };
		38C155C624685282003D9146 /* URLRequestFactory.swift in Sources */ = {isa = PBXBuildFile; fileRef = 38C1559924685282003D9146 /* URLRequestFactory.swift */; };
		38C155C724685282003D9146 /* AphroditeErrorFactory.swift in Sources */ = {isa = PBXBuildFile; fileRef = 38C1559A24685282003D9146 /* AphroditeErrorFactory.swift */; };
		38C155C824685282003D9146 /* NetworkTarget.swift in Sources */ = {isa = PBXBuildFile; fileRef = 38C1559B24685282003D9146 /* NetworkTarget.swift */; };
		38C155D824685282003D9146 /* DomainErrorFactory.swift in Sources */ = {isa = PBXBuildFile; fileRef = 38C155AE24685282003D9146 /* DomainErrorFactory.swift */; };
		38C1565F2468530E003D9146 /* .swiftlint.yml in Resources */ = {isa = PBXBuildFile; fileRef = 38C1565D2468530E003D9146 /* .swiftlint.yml */; };
		38C156602468530E003D9146 /* .gitignore in Resources */ = {isa = PBXBuildFile; fileRef = 38C1565E2468530E003D9146 /* .gitignore */; };
/* End PBXBuildFile section */

/* Begin PBXContainerItemProxy section */
		38C1556C2468522E003D9146 /* PBXContainerItemProxy */ = {
			isa = PBXContainerItemProxy;
			containerPortal = 38C155582468522E003D9146 /* Project object */;
			proxyType = 1;
			remoteGlobalIDString = 38C155602468522E003D9146;
			remoteInfo = Aphrodite;
		};
/* End PBXContainerItemProxy section */

/* Begin PBXFileReference section */
		38C155612468522E003D9146 /* Aphrodite.framework */ = {isa = PBXFileReference; explicitFileType = wrapper.framework; includeInIndex = 0; path = Aphrodite.framework; sourceTree = BUILT_PRODUCTS_DIR; };
		38C155642468522E003D9146 /* Aphrodite.h */ = {isa = PBXFileReference; lastKnownFileType = sourcecode.c.h; path = Aphrodite.h; sourceTree = "<group>"; };
		38C155652468522E003D9146 /* Info.plist */ = {isa = PBXFileReference; lastKnownFileType = text.plist.xml; path = Info.plist; sourceTree = "<group>"; };
		38C1556A2468522E003D9146 /* AphroditeTests.xctest */ = {isa = PBXFileReference; explicitFileType = wrapper.cfbundle; includeInIndex = 0; path = AphroditeTests.xctest; sourceTree = BUILT_PRODUCTS_DIR; };
		38C1556F2468522E003D9146 /* Tests.swift */ = {isa = PBXFileReference; lastKnownFileType = sourcecode.swift; path = Tests.swift; sourceTree = "<group>"; };
		38C155712468522E003D9146 /* Info.plist */ = {isa = PBXFileReference; lastKnownFileType = text.plist.xml; path = Info.plist; sourceTree = "<group>"; };
		38C1557E24685282003D9146 /* JSONDecoderExtensions.swift */ = {isa = PBXFileReference; fileEncoding = 4; lastKnownFileType = sourcecode.swift; path = JSONDecoderExtensions.swift; sourceTree = "<group>"; };
		38C1557F24685282003D9146 /* DictionaryExtensions.swift */ = {isa = PBXFileReference; fileEncoding = 4; lastKnownFileType = sourcecode.swift; path = DictionaryExtensions.swift; sourceTree = "<group>"; };
		38C1558024685282003D9146 /* CharacterSetExtension.swift */ = {isa = PBXFileReference; fileEncoding = 4; lastKnownFileType = sourcecode.swift; path = CharacterSetExtension.swift; sourceTree = "<group>"; };
		38C1558124685282003D9146 /* URLRequestExtensions.swift */ = {isa = PBXFileReference; fileEncoding = 4; lastKnownFileType = sourcecode.swift; path = URLRequestExtensions.swift; sourceTree = "<group>"; };
		38C1558224685282003D9146 /* URLExtensions.swift */ = {isa = PBXFileReference; fileEncoding = 4; lastKnownFileType = sourcecode.swift; path = URLExtensions.swift; sourceTree = "<group>"; };
		38C1558324685282003D9146 /* JSONEncoderExtensions.swift */ = {isa = PBXFileReference; fileEncoding = 4; lastKnownFileType = sourcecode.swift; path = JSONEncoderExtensions.swift; sourceTree = "<group>"; };
		38C1558424685282003D9146 /* NSNumberExtension.swift */ = {isa = PBXFileReference; fileEncoding = 4; lastKnownFileType = sourcecode.swift; path = NSNumberExtension.swift; sourceTree = "<group>"; };
		38C1558924685282003D9146 /* Aphrodite.swift */ = {isa = PBXFileReference; fileEncoding = 4; lastKnownFileType = sourcecode.swift; path = Aphrodite.swift; sourceTree = "<group>"; };
		38C1558E24685282003D9146 /* ParameterEncoding.swift */ = {isa = PBXFileReference; fileEncoding = 4; lastKnownFileType = sourcecode.swift; path = ParameterEncoding.swift; sourceTree = "<group>"; };
		38C1558F24685282003D9146 /* URLParameterEncoding.swift */ = {isa = PBXFileReference; fileEncoding = 4; lastKnownFileType = sourcecode.swift; path = URLParameterEncoding.swift; sourceTree = "<group>"; };
		38C1559024685282003D9146 /* JSONParameterEncoding.swift */ = {isa = PBXFileReference; fileEncoding = 4; lastKnownFileType = sourcecode.swift; path = JSONParameterEncoding.swift; sourceTree = "<group>"; };
		38C1559124685282003D9146 /* StatusCode.swift */ = {isa = PBXFileReference; fileEncoding = 4; lastKnownFileType = sourcecode.swift; path = StatusCode.swift; sourceTree = "<group>"; };
		38C1559224685282003D9146 /* AphroditeError.swift */ = {isa = PBXFileReference; fileEncoding = 4; lastKnownFileType = sourcecode.swift; path = AphroditeError.swift; sourceTree = "<group>"; };
		38C1559324685282003D9146 /* NetworkRequestHeaderFactory.swift */ = {isa = PBXFileReference; fileEncoding = 4; lastKnownFileType = sourcecode.swift; path = NetworkRequestHeaderFactory.swift; sourceTree = "<group>"; };
		38C1559424685282003D9146 /* HttpTask.swift */ = {isa = PBXFileReference; fileEncoding = 4; lastKnownFileType = sourcecode.swift; path = HttpTask.swift; sourceTree = "<group>"; };
		38C1559524685282003D9146 /* NetworkResponse.swift */ = {isa = PBXFileReference; fileEncoding = 4; lastKnownFileType = sourcecode.swift; path = NetworkResponse.swift; sourceTree = "<group>"; };
		38C1559624685282003D9146 /* HttpHeaderField.swift */ = {isa = PBXFileReference; fileEncoding = 4; lastKnownFileType = sourcecode.swift; path = HttpHeaderField.swift; sourceTree = "<group>"; };
		38C1559724685282003D9146 /* NetworkPlugin.swift */ = {isa = PBXFileReference; fileEncoding = 4; lastKnownFileType = sourcecode.swift; path = NetworkPlugin.swift; sourceTree = "<group>"; };
		38C1559824685282003D9146 /* HttpMethod.swift */ = {isa = PBXFileReference; fileEncoding = 4; lastKnownFileType = sourcecode.swift; path = HttpMethod.swift; sourceTree = "<group>"; };
		38C1559924685282003D9146 /* URLRequestFactory.swift */ = {isa = PBXFileReference; fileEncoding = 4; lastKnownFileType = sourcecode.swift; path = URLRequestFactory.swift; sourceTree = "<group>"; };
		38C1559A24685282003D9146 /* AphroditeErrorFactory.swift */ = {isa = PBXFileReference; fileEncoding = 4; lastKnownFileType = sourcecode.swift; path = AphroditeErrorFactory.swift; sourceTree = "<group>"; };
		38C1559B24685282003D9146 /* NetworkTarget.swift */ = {isa = PBXFileReference; fileEncoding = 4; lastKnownFileType = sourcecode.swift; path = NetworkTarget.swift; sourceTree = "<group>"; };
		38C155AE24685282003D9146 /* DomainErrorFactory.swift */ = {isa = PBXFileReference; fileEncoding = 4; lastKnownFileType = sourcecode.swift; path = DomainErrorFactory.swift; sourceTree = "<group>"; };
		38C1565D2468530E003D9146 /* .swiftlint.yml */ = {isa = PBXFileReference; fileEncoding = 4; lastKnownFileType = text.yaml; path = .swiftlint.yml; sourceTree = "<group>"; };
		38C1565E2468530E003D9146 /* .gitignore */ = {isa = PBXFileReference; fileEncoding = 4; lastKnownFileType = text; path = .gitignore; sourceTree = "<group>"; };
/* End PBXFileReference section */

/* Begin PBXFrameworksBuildPhase section */
		38C1555E2468522E003D9146 /* Frameworks */ = {
			isa = PBXFrameworksBuildPhase;
			buildActionMask = 2147483647;
			files = (
			);
			runOnlyForDeploymentPostprocessing = 0;
		};
		38C155672468522E003D9146 /* Frameworks */ = {
			isa = PBXFrameworksBuildPhase;
			buildActionMask = 2147483647;
			files = (
				38C1556B2468522E003D9146 /* Aphrodite.framework in Frameworks */,
			);
			runOnlyForDeploymentPostprocessing = 0;
		};
/* End PBXFrameworksBuildPhase section */

/* Begin PBXGroup section */
		38A8F802246A5F7E000904A7 /* SupportingFiles */ = {
			isa = PBXGroup;
			children = (
				38C155642468522E003D9146 /* Aphrodite.h */,
				38C155652468522E003D9146 /* Info.plist */,
			);
			path = SupportingFiles;
			sourceTree = "<group>";
		};
		38C155572468522E003D9146 = {
			isa = PBXGroup;
			children = (
				38C1557B24685282003D9146 /* Sources */,
				38A8F802246A5F7E000904A7 /* SupportingFiles */,
				38C1556E2468522E003D9146 /* Tests */,
				38C1565C246852C3003D9146 /* RootFiles */,
				38C155622468522E003D9146 /* Products */,
			);
			sourceTree = "<group>";
		};
		38C155622468522E003D9146 /* Products */ = {
			isa = PBXGroup;
			children = (
				38C155612468522E003D9146 /* Aphrodite.framework */,
				38C1556A2468522E003D9146 /* AphroditeTests.xctest */,
			);
			name = Products;
			sourceTree = "<group>";
		};
		38C1556E2468522E003D9146 /* Tests */ = {
			isa = PBXGroup;
			children = (
				38C1556F2468522E003D9146 /* Tests.swift */,
				38C155712468522E003D9146 /* Info.plist */,
			);
			path = Tests;
			sourceTree = "<group>";
		};
		38C1557B24685282003D9146 /* Sources */ = {
			isa = PBXGroup;
			children = (
				38C1558924685282003D9146 /* Aphrodite.swift */,
				38C1559224685282003D9146 /* AphroditeError.swift */,
				38C1559A24685282003D9146 /* AphroditeErrorFactory.swift */,
				38C1557C24685282003D9146 /* Globals */,
				38C15664246858C4003D9146 /* Base */,
			);
			path = Sources;
			sourceTree = "<group>";
		};
		38C1557C24685282003D9146 /* Globals */ = {
			isa = PBXGroup;
			children = (
				38C1557D24685282003D9146 /* Extensions */,
			);
			path = Globals;
			sourceTree = "<group>";
		};
		38C1557D24685282003D9146 /* Extensions */ = {
			isa = PBXGroup;
			children = (
				38C1557E24685282003D9146 /* JSONDecoderExtensions.swift */,
				38C1557F24685282003D9146 /* DictionaryExtensions.swift */,
				38C1558024685282003D9146 /* CharacterSetExtension.swift */,
				38C1558124685282003D9146 /* URLRequestExtensions.swift */,
				38C1558224685282003D9146 /* URLExtensions.swift */,
				38C1558324685282003D9146 /* JSONEncoderExtensions.swift */,
				38C1558424685282003D9146 /* NSNumberExtension.swift */,
			);
			path = Extensions;
			sourceTree = "<group>";
		};
		38C1558D24685282003D9146 /* Encodings */ = {
			isa = PBXGroup;
			children = (
				38C1558E24685282003D9146 /* ParameterEncoding.swift */,
				38C1558F24685282003D9146 /* URLParameterEncoding.swift */,
				38C1559024685282003D9146 /* JSONParameterEncoding.swift */,
			);
			path = Encodings;
			sourceTree = "<group>";
		};
		38C1565C246852C3003D9146 /* RootFiles */ = {
			isa = PBXGroup;
			children = (
				38C1565E2468530E003D9146 /* .gitignore */,
				38C1565D2468530E003D9146 /* .swiftlint.yml */,
			);
			name = RootFiles;
			sourceTree = "<group>";
		};
		38C15664246858C4003D9146 /* Base */ = {
			isa = PBXGroup;
			children = (
				38C155AE24685282003D9146 /* DomainErrorFactory.swift */,
				38C1559624685282003D9146 /* HttpHeaderField.swift */,
				38C1559824685282003D9146 /* HttpMethod.swift */,
				38C1559424685282003D9146 /* HttpTask.swift */,
				38C1559724685282003D9146 /* NetworkPlugin.swift */,
				38C1559324685282003D9146 /* NetworkRequestHeaderFactory.swift */,
				38C1559524685282003D9146 /* NetworkResponse.swift */,
				38C1559B24685282003D9146 /* NetworkTarget.swift */,
				38C1559124685282003D9146 /* StatusCode.swift */,
				38C1559924685282003D9146 /* URLRequestFactory.swift */,
				38C1558D24685282003D9146 /* Encodings */,
			);
			path = Base;
			sourceTree = "<group>";
		};
/* End PBXGroup section */

/* Begin PBXHeadersBuildPhase section */
		38C1555C2468522E003D9146 /* Headers */ = {
			isa = PBXHeadersBuildPhase;
			buildActionMask = 2147483647;
			files = (
				38C155722468522E003D9146 /* Aphrodite.h in Headers */,
			);
			runOnlyForDeploymentPostprocessing = 0;
		};
/* End PBXHeadersBuildPhase section */

/* Begin PBXNativeTarget section */
		38C155602468522E003D9146 /* Aphrodite */ = {
			isa = PBXNativeTarget;
			buildConfigurationList = 38C155752468522E003D9146 /* Build configuration list for PBXNativeTarget "Aphrodite" */;
			buildPhases = (
				38C1566124685351003D9146 /* SwiftLint */,
				38C1555C2468522E003D9146 /* Headers */,
				38C1555D2468522E003D9146 /* Sources */,
				38C1555E2468522E003D9146 /* Frameworks */,
				38C1555F2468522E003D9146 /* Resources */,
			);
			buildRules = (
			);
			dependencies = (
			);
			name = Aphrodite;
			productName = Aphrodite;
			productReference = 38C155612468522E003D9146 /* Aphrodite.framework */;
			productType = "com.apple.product-type.framework";
		};
		38C155692468522E003D9146 /* AphroditeTests */ = {
			isa = PBXNativeTarget;
			buildConfigurationList = 38C155782468522E003D9146 /* Build configuration list for PBXNativeTarget "AphroditeTests" */;
			buildPhases = (
				38C155662468522E003D9146 /* Sources */,
				38C155672468522E003D9146 /* Frameworks */,
				38C155682468522E003D9146 /* Resources */,
			);
			buildRules = (
			);
			dependencies = (
				38C1556D2468522E003D9146 /* PBXTargetDependency */,
			);
			name = AphroditeTests;
			productName = AphroditeTests;
			productReference = 38C1556A2468522E003D9146 /* AphroditeTests.xctest */;
			productType = "com.apple.product-type.bundle.unit-test";
		};
/* End PBXNativeTarget section */

/* Begin PBXProject section */
		38C155582468522E003D9146 /* Project object */ = {
			isa = PBXProject;
			attributes = {
				LastSwiftUpdateCheck = 1140;
				LastUpgradeCheck = 1140;
				ORGANIZATIONNAME = "Andreas Link";
				TargetAttributes = {
					38C155602468522E003D9146 = {
						CreatedOnToolsVersion = 11.4;
					};
					38C155692468522E003D9146 = {
						CreatedOnToolsVersion = 11.4;
					};
				};
			};
			buildConfigurationList = 38C1555B2468522E003D9146 /* Build configuration list for PBXProject "Aphrodite" */;
			compatibilityVersion = "Xcode 9.3";
			developmentRegion = en;
			hasScannedForEncodings = 0;
			knownRegions = (
				en,
				Base,
			);
			mainGroup = 38C155572468522E003D9146;
			productRefGroup = 38C155622468522E003D9146 /* Products */;
			projectDirPath = "";
			projectRoot = "";
			targets = (
				38C155602468522E003D9146 /* Aphrodite */,
				38C155692468522E003D9146 /* AphroditeTests */,
			);
		};
/* End PBXProject section */

/* Begin PBXResourcesBuildPhase section */
		38C1555F2468522E003D9146 /* Resources */ = {
			isa = PBXResourcesBuildPhase;
			buildActionMask = 2147483647;
			files = (
				38C156602468530E003D9146 /* .gitignore in Resources */,
				38C1565F2468530E003D9146 /* .swiftlint.yml in Resources */,
			);
			runOnlyForDeploymentPostprocessing = 0;
		};
		38C155682468522E003D9146 /* Resources */ = {
			isa = PBXResourcesBuildPhase;
			buildActionMask = 2147483647;
			files = (
			);
			runOnlyForDeploymentPostprocessing = 0;
		};
/* End PBXResourcesBuildPhase section */

/* Begin PBXShellScriptBuildPhase section */
		38C1566124685351003D9146 /* SwiftLint */ = {
			isa = PBXShellScriptBuildPhase;
			buildActionMask = 2147483647;
			files = (
			);
			inputFileListPaths = (
			);
			inputPaths = (
			);
			name = SwiftLint;
			outputFileListPaths = (
			);
			outputPaths = (
			);
			runOnlyForDeploymentPostprocessing = 0;
			shellPath = /bin/sh;
			shellScript = "if which swiftlint >/dev/null; then\nswiftlint\nelse\necho \"warning: SwiftLint not installed, download from https://github.com/realm/SwiftLint\"\nfi\n";
		};
/* End PBXShellScriptBuildPhase section */

/* Begin PBXSourcesBuildPhase section */
		38C1555D2468522E003D9146 /* Sources */ = {
			isa = PBXSourcesBuildPhase;
			buildActionMask = 2147483647;
			files = (
				38C155C024685282003D9146 /* NetworkRequestHeaderFactory.swift in Sources */,
				38C155BE24685282003D9146 /* StatusCode.swift in Sources */,
				38C155B724685282003D9146 /* NSNumberExtension.swift in Sources */,
				38C155B924685282003D9146 /* Aphrodite.swift in Sources */,
				38C155C624685282003D9146 /* URLRequestFactory.swift in Sources */,
				38C155BD24685282003D9146 /* JSONParameterEncoding.swift in Sources */,
				38C155C324685282003D9146 /* HttpHeaderField.swift in Sources */,
				38C155C224685282003D9146 /* NetworkResponse.swift in Sources */,
				38C155B124685282003D9146 /* JSONDecoderExtensions.swift in Sources */,
				38C155B424685282003D9146 /* URLRequestExtensions.swift in Sources */,
				38C155D824685282003D9146 /* DomainErrorFactory.swift in Sources */,
				38C155BC24685282003D9146 /* URLParameterEncoding.swift in Sources */,
				38C155C524685282003D9146 /* HttpMethod.swift in Sources */,
				38C155C724685282003D9146 /* AphroditeErrorFactory.swift in Sources */,
				38C155C124685282003D9146 /* HttpTask.swift in Sources */,
				38C155B524685282003D9146 /* URLExtensions.swift in Sources */,
				38C155C824685282003D9146 /* NetworkTarget.swift in Sources */,
				38C155BF24685282003D9146 /* AphroditeError.swift in Sources */,
				38C155BB24685282003D9146 /* ParameterEncoding.swift in Sources */,
				38C155B324685282003D9146 /* CharacterSetExtension.swift in Sources */,
				38C155C424685282003D9146 /* NetworkPlugin.swift in Sources */,
				38C155B624685282003D9146 /* JSONEncoderExtensions.swift in Sources */,
				38C155B224685282003D9146 /* DictionaryExtensions.swift in Sources */,
			);
			runOnlyForDeploymentPostprocessing = 0;
		};
		38C155662468522E003D9146 /* Sources */ = {
			isa = PBXSourcesBuildPhase;
			buildActionMask = 2147483647;
			files = (
				38C155702468522E003D9146 /* Tests.swift in Sources */,
			);
			runOnlyForDeploymentPostprocessing = 0;
		};
/* End PBXSourcesBuildPhase section */

/* Begin PBXTargetDependency section */
		38C1556D2468522E003D9146 /* PBXTargetDependency */ = {
			isa = PBXTargetDependency;
			target = 38C155602468522E003D9146 /* Aphrodite */;
			targetProxy = 38C1556C2468522E003D9146 /* PBXContainerItemProxy */;
		};
/* End PBXTargetDependency section */

/* Begin XCBuildConfiguration section */
		38C155732468522E003D9146 /* Debug */ = {
			isa = XCBuildConfiguration;
			buildSettings = {
				ALWAYS_SEARCH_USER_PATHS = NO;
				CLANG_ANALYZER_NONNULL = YES;
				CLANG_ANALYZER_NUMBER_OBJECT_CONVERSION = YES_AGGRESSIVE;
				CLANG_CXX_LANGUAGE_STANDARD = "gnu++14";
				CLANG_CXX_LIBRARY = "libc++";
				CLANG_ENABLE_MODULES = YES;
				CLANG_ENABLE_OBJC_ARC = YES;
				CLANG_ENABLE_OBJC_WEAK = YES;
				CLANG_WARN_BLOCK_CAPTURE_AUTORELEASING = YES;
				CLANG_WARN_BOOL_CONVERSION = YES;
				CLANG_WARN_COMMA = YES;
				CLANG_WARN_CONSTANT_CONVERSION = YES;
				CLANG_WARN_DEPRECATED_OBJC_IMPLEMENTATIONS = YES;
				CLANG_WARN_DIRECT_OBJC_ISA_USAGE = YES_ERROR;
				CLANG_WARN_DOCUMENTATION_COMMENTS = YES;
				CLANG_WARN_EMPTY_BODY = YES;
				CLANG_WARN_ENUM_CONVERSION = YES;
				CLANG_WARN_INFINITE_RECURSION = YES;
				CLANG_WARN_INT_CONVERSION = YES;
				CLANG_WARN_NON_LITERAL_NULL_CONVERSION = YES;
				CLANG_WARN_OBJC_IMPLICIT_RETAIN_SELF = YES;
				CLANG_WARN_OBJC_LITERAL_CONVERSION = YES;
				CLANG_WARN_OBJC_ROOT_CLASS = YES_ERROR;
				CLANG_WARN_RANGE_LOOP_ANALYSIS = YES;
				CLANG_WARN_STRICT_PROTOTYPES = YES;
				CLANG_WARN_SUSPICIOUS_MOVE = YES;
				CLANG_WARN_UNGUARDED_AVAILABILITY = YES_AGGRESSIVE;
				CLANG_WARN_UNREACHABLE_CODE = YES;
				CLANG_WARN__DUPLICATE_METHOD_MATCH = YES;
				COPY_PHASE_STRIP = NO;
				CURRENT_PROJECT_VERSION = 1;
				DEBUG_INFORMATION_FORMAT = dwarf;
				ENABLE_STRICT_OBJC_MSGSEND = YES;
				ENABLE_TESTABILITY = YES;
				GCC_C_LANGUAGE_STANDARD = gnu11;
				GCC_DYNAMIC_NO_PIC = NO;
				GCC_NO_COMMON_BLOCKS = YES;
				GCC_OPTIMIZATION_LEVEL = 0;
				GCC_PREPROCESSOR_DEFINITIONS = (
					"DEBUG=1",
					"$(inherited)",
				);
				GCC_WARN_64_TO_32_BIT_CONVERSION = YES;
				GCC_WARN_ABOUT_RETURN_TYPE = YES_ERROR;
				GCC_WARN_UNDECLARED_SELECTOR = YES;
				GCC_WARN_UNINITIALIZED_AUTOS = YES_AGGRESSIVE;
				GCC_WARN_UNUSED_FUNCTION = YES;
				GCC_WARN_UNUSED_VARIABLE = YES;
				IPHONEOS_DEPLOYMENT_TARGET = 13.4;
				MTL_ENABLE_DEBUG_INFO = INCLUDE_SOURCE;
				MTL_FAST_MATH = YES;
				ONLY_ACTIVE_ARCH = YES;
				SDKROOT = iphoneos;
				SWIFT_ACTIVE_COMPILATION_CONDITIONS = DEBUG;
				SWIFT_OPTIMIZATION_LEVEL = "-Onone";
				VERSIONING_SYSTEM = "apple-generic";
				VERSION_INFO_PREFIX = "";
			};
			name = Debug;
		};
		38C155742468522E003D9146 /* Release */ = {
			isa = XCBuildConfiguration;
			buildSettings = {
				ALWAYS_SEARCH_USER_PATHS = NO;
				CLANG_ANALYZER_NONNULL = YES;
				CLANG_ANALYZER_NUMBER_OBJECT_CONVERSION = YES_AGGRESSIVE;
				CLANG_CXX_LANGUAGE_STANDARD = "gnu++14";
				CLANG_CXX_LIBRARY = "libc++";
				CLANG_ENABLE_MODULES = YES;
				CLANG_ENABLE_OBJC_ARC = YES;
				CLANG_ENABLE_OBJC_WEAK = YES;
				CLANG_WARN_BLOCK_CAPTURE_AUTORELEASING = YES;
				CLANG_WARN_BOOL_CONVERSION = YES;
				CLANG_WARN_COMMA = YES;
				CLANG_WARN_CONSTANT_CONVERSION = YES;
				CLANG_WARN_DEPRECATED_OBJC_IMPLEMENTATIONS = YES;
				CLANG_WARN_DIRECT_OBJC_ISA_USAGE = YES_ERROR;
				CLANG_WARN_DOCUMENTATION_COMMENTS = YES;
				CLANG_WARN_EMPTY_BODY = YES;
				CLANG_WARN_ENUM_CONVERSION = YES;
				CLANG_WARN_INFINITE_RECURSION = YES;
				CLANG_WARN_INT_CONVERSION = YES;
				CLANG_WARN_NON_LITERAL_NULL_CONVERSION = YES;
				CLANG_WARN_OBJC_IMPLICIT_RETAIN_SELF = YES;
				CLANG_WARN_OBJC_LITERAL_CONVERSION = YES;
				CLANG_WARN_OBJC_ROOT_CLASS = YES_ERROR;
				CLANG_WARN_RANGE_LOOP_ANALYSIS = YES;
				CLANG_WARN_STRICT_PROTOTYPES = YES;
				CLANG_WARN_SUSPICIOUS_MOVE = YES;
				CLANG_WARN_UNGUARDED_AVAILABILITY = YES_AGGRESSIVE;
				CLANG_WARN_UNREACHABLE_CODE = YES;
				CLANG_WARN__DUPLICATE_METHOD_MATCH = YES;
				COPY_PHASE_STRIP = NO;
				CURRENT_PROJECT_VERSION = 1;
				DEBUG_INFORMATION_FORMAT = "dwarf-with-dsym";
				ENABLE_NS_ASSERTIONS = NO;
				ENABLE_STRICT_OBJC_MSGSEND = YES;
				GCC_C_LANGUAGE_STANDARD = gnu11;
				GCC_NO_COMMON_BLOCKS = YES;
				GCC_WARN_64_TO_32_BIT_CONVERSION = YES;
				GCC_WARN_ABOUT_RETURN_TYPE = YES_ERROR;
				GCC_WARN_UNDECLARED_SELECTOR = YES;
				GCC_WARN_UNINITIALIZED_AUTOS = YES_AGGRESSIVE;
				GCC_WARN_UNUSED_FUNCTION = YES;
				GCC_WARN_UNUSED_VARIABLE = YES;
				IPHONEOS_DEPLOYMENT_TARGET = 13.4;
				MTL_ENABLE_DEBUG_INFO = NO;
				MTL_FAST_MATH = YES;
				SDKROOT = iphoneos;
				SWIFT_COMPILATION_MODE = wholemodule;
				SWIFT_OPTIMIZATION_LEVEL = "-O";
				VALIDATE_PRODUCT = YES;
				VERSIONING_SYSTEM = "apple-generic";
				VERSION_INFO_PREFIX = "";
			};
			name = Release;
		};
		38C155762468522E003D9146 /* Debug */ = {
			isa = XCBuildConfiguration;
			buildSettings = {
				CODE_SIGN_STYLE = Automatic;
				DEFINES_MODULE = YES;
				DEVELOPMENT_TEAM = 59983C7393;
				DYLIB_COMPATIBILITY_VERSION = 1;
				DYLIB_CURRENT_VERSION = 1;
				DYLIB_INSTALL_NAME_BASE = "@rpath";
				INFOPLIST_FILE = SupportingFIles/Info.plist;
				INSTALL_PATH = "$(LOCAL_LIBRARY_DIR)/Frameworks";
				LD_RUNPATH_SEARCH_PATHS = (
					"$(inherited)",
					"@executable_path/Frameworks",
					"@loader_path/Frameworks",
				);
				PRODUCT_BUNDLE_IDENTIFIER = de.linkandreas.Aphrodite;
				PRODUCT_NAME = "$(TARGET_NAME:c99extidentifier)";
				SKIP_INSTALL = YES;
				SWIFT_VERSION = 5.0;
				TARGETED_DEVICE_FAMILY = "1,2";
			};
			name = Debug;
		};
		38C155772468522E003D9146 /* Release */ = {
			isa = XCBuildConfiguration;
			buildSettings = {
				CODE_SIGN_STYLE = Automatic;
				DEFINES_MODULE = YES;
				DEVELOPMENT_TEAM = 59983C7393;
				DYLIB_COMPATIBILITY_VERSION = 1;
				DYLIB_CURRENT_VERSION = 1;
				DYLIB_INSTALL_NAME_BASE = "@rpath";
				INFOPLIST_FILE = SupportingFIles/Info.plist;
				INSTALL_PATH = "$(LOCAL_LIBRARY_DIR)/Frameworks";
				LD_RUNPATH_SEARCH_PATHS = (
					"$(inherited)",
					"@executable_path/Frameworks",
					"@loader_path/Frameworks",
				);
				PRODUCT_BUNDLE_IDENTIFIER = de.linkandreas.Aphrodite;
				PRODUCT_NAME = "$(TARGET_NAME:c99extidentifier)";
				SKIP_INSTALL = YES;
				SWIFT_VERSION = 5.0;
				TARGETED_DEVICE_FAMILY = "1,2";
			};
			name = Release;
		};
		38C155792468522E003D9146 /* Debug */ = {
			isa = XCBuildConfiguration;
			buildSettings = {
				ALWAYS_EMBED_SWIFT_STANDARD_LIBRARIES = YES;
				CODE_SIGN_STYLE = Automatic;
				DEVELOPMENT_TEAM = 59983C7393;
				INFOPLIST_FILE = Tests/Info.plist;
				LD_RUNPATH_SEARCH_PATHS = (
					"$(inherited)",
					"@executable_path/Frameworks",
					"@loader_path/Frameworks",
				);
				PRODUCT_BUNDLE_IDENTIFIER = de.linkandreas.AphroditeTests;
				PRODUCT_NAME = "$(TARGET_NAME)";
				SWIFT_VERSION = 5.0;
				TARGETED_DEVICE_FAMILY = "1,2";
			};
			name = Debug;
		};
		38C1557A2468522E003D9146 /* Release */ = {
			isa = XCBuildConfiguration;
			buildSettings = {
				ALWAYS_EMBED_SWIFT_STANDARD_LIBRARIES = YES;
				CODE_SIGN_STYLE = Automatic;
				DEVELOPMENT_TEAM = 59983C7393;
				INFOPLIST_FILE = Tests/Info.plist;
				LD_RUNPATH_SEARCH_PATHS = (
					"$(inherited)",
					"@executable_path/Frameworks",
					"@loader_path/Frameworks",
				);
				PRODUCT_BUNDLE_IDENTIFIER = de.linkandreas.AphroditeTests;
				PRODUCT_NAME = "$(TARGET_NAME)";
				SWIFT_VERSION = 5.0;
				TARGETED_DEVICE_FAMILY = "1,2";
			};
			name = Release;
		};
/* End XCBuildConfiguration section */

/* Begin XCConfigurationList section */
		38C1555B2468522E003D9146 /* Build configuration list for PBXProject "Aphrodite" */ = {
			isa = XCConfigurationList;
			buildConfigurations = (
				38C155732468522E003D9146 /* Debug */,
				38C155742468522E003D9146 /* Release */,
			);
			defaultConfigurationIsVisible = 0;
			defaultConfigurationName = Release;
		};
		38C155752468522E003D9146 /* Build configuration list for PBXNativeTarget "Aphrodite" */ = {
			isa = XCConfigurationList;
			buildConfigurations = (
				38C155762468522E003D9146 /* Debug */,
				38C155772468522E003D9146 /* Release */,
			);
			defaultConfigurationIsVisible = 0;
			defaultConfigurationName = Release;
		};
		38C155782468522E003D9146 /* Build configuration list for PBXNativeTarget "AphroditeTests" */ = {
			isa = XCConfigurationList;
			buildConfigurations = (
				38C155792468522E003D9146 /* Debug */,
				38C1557A2468522E003D9146 /* Release */,
			);
			defaultConfigurationIsVisible = 0;
			defaultConfigurationName = Release;
		};
/* End XCConfigurationList section */
	};
	rootObject = 38C155582468522E003D9146 /* Project object */;
}
