// !$*UTF8*$!
{
	archiveVersion = 1;
	classes = {
	};
	objectVersion = 50;
	objects = {

/* Begin PBXBuildFile section */
		3814CFDF243866B00059C454 /* AppDelegate.swift in Sources */ = {isa = PBXBuildFile; fileRef = 3814CFDE243866B00059C454 /* AppDelegate.swift */; };
		3814CFE1243866B00059C454 /* SceneDelegate.swift in Sources */ = {isa = PBXBuildFile; fileRef = 3814CFE0243866B00059C454 /* SceneDelegate.swift */; };
		3814CFE3243866B00059C454 /* ContentView.swift in Sources */ = {isa = PBXBuildFile; fileRef = 3814CFE2243866B00059C454 /* ContentView.swift */; };
		3814CFE5243866B10059C454 /* Assets.xcassets in Resources */ = {isa = PBXBuildFile; fileRef = 3814CFE4243866B10059C454 /* Assets.xcassets */; };
		3814CFE8243866B10059C454 /* Preview Assets.xcassets in Resources */ = {isa = PBXBuildFile; fileRef = 3814CFE7243866B10059C454 /* Preview Assets.xcassets */; };
		3814CFEB243866B10059C454 /* LaunchScreen.storyboard in Resources */ = {isa = PBXBuildFile; fileRef = 3814CFE9243866B10059C454 /* LaunchScreen.storyboard */; };
		3814CFF6243866B10059C454 /* AphroditeTests.swift in Sources */ = {isa = PBXBuildFile; fileRef = 3814CFF5243866B10059C454 /* AphroditeTests.swift */; };
		384BA20D2449958700631E9C /* .swiftlint.yml in Resources */ = {isa = PBXBuildFile; fileRef = 384BA20B2449958600631E9C /* .swiftlint.yml */; };
		384BA20E2449958700631E9C /* .gitignore in Resources */ = {isa = PBXBuildFile; fileRef = 384BA20C2449958700631E9C /* .gitignore */; };
		384BA212244996C400631E9C /* NetworkTarget.swift in Sources */ = {isa = PBXBuildFile; fileRef = 384BA211244996C400631E9C /* NetworkTarget.swift */; };
		384BA21F2449979F00631E9C /* HttpHeaderField.swift in Sources */ = {isa = PBXBuildFile; fileRef = 384BA2152449979F00631E9C /* HttpHeaderField.swift */; };
		384BA2202449979F00631E9C /* HttpMethod.swift in Sources */ = {isa = PBXBuildFile; fileRef = 384BA2162449979F00631E9C /* HttpMethod.swift */; };
		384BA2212449979F00631E9C /* ApiError.swift in Sources */ = {isa = PBXBuildFile; fileRef = 384BA2172449979F00631E9C /* ApiError.swift */; };
		384BA2222449979F00631E9C /* ApiErrorFactory.swift in Sources */ = {isa = PBXBuildFile; fileRef = 384BA2182449979F00631E9C /* ApiErrorFactory.swift */; };
		384BA2232449979F00631E9C /* URLRequestFactory.swift in Sources */ = {isa = PBXBuildFile; fileRef = 384BA2192449979F00631E9C /* URLRequestFactory.swift */; };
		384BA2242449979F00631E9C /* NetworkResponse.swift in Sources */ = {isa = PBXBuildFile; fileRef = 384BA21A2449979F00631E9C /* NetworkResponse.swift */; };
		384BA2272449979F00631E9C /* HttpTask.swift in Sources */ = {isa = PBXBuildFile; fileRef = 384BA21D2449979F00631E9C /* HttpTask.swift */; };
		384BA2282449979F00631E9C /* NetworkRequestHeaderFactory.swift in Sources */ = {isa = PBXBuildFile; fileRef = 384BA21E2449979F00631E9C /* NetworkRequestHeaderFactory.swift */; };
		384BA22D2449982700631E9C /* URLParameterEncoding.swift in Sources */ = {isa = PBXBuildFile; fileRef = 384BA22A2449982700631E9C /* URLParameterEncoding.swift */; };
		384BA22E2449982700631E9C /* ParameterEncoding.swift in Sources */ = {isa = PBXBuildFile; fileRef = 384BA22B2449982700631E9C /* ParameterEncoding.swift */; };
		384BA22F2449982700631E9C /* JSONParameterEncoding.swift in Sources */ = {isa = PBXBuildFile; fileRef = 384BA22C2449982700631E9C /* JSONParameterEncoding.swift */; };
		384BA2332449988300631E9C /* URLExtensions.swift in Sources */ = {isa = PBXBuildFile; fileRef = 384BA2322449988300631E9C /* URLExtensions.swift */; };
		384BA2372449996400631E9C /* ApiManager.swift in Sources */ = {isa = PBXBuildFile; fileRef = 384BA2362449996400631E9C /* ApiManager.swift */; };
		384BA23C24499A5A00631E9C /* DomainErrorFactory.swift in Sources */ = {isa = PBXBuildFile; fileRef = 384BA2382449999500631E9C /* DomainErrorFactory.swift */; };
		384BA23D24499A5D00631E9C /* DomainError.swift in Sources */ = {isa = PBXBuildFile; fileRef = 384BA23A244999CD00631E9C /* DomainError.swift */; };
		384BA23F2449AB0800631E9C /* URLRequestExtensions.swift in Sources */ = {isa = PBXBuildFile; fileRef = 384BA23E2449AB0800631E9C /* URLRequestExtensions.swift */; };
		384BA2412449AB8F00631E9C /* DictionaryExtensions.swift in Sources */ = {isa = PBXBuildFile; fileRef = 384BA2402449AB8F00631E9C /* DictionaryExtensions.swift */; };
		384BA2432449B02000631E9C /* JSONEncoderExtensions.swift in Sources */ = {isa = PBXBuildFile; fileRef = 384BA2422449B02000631E9C /* JSONEncoderExtensions.swift */; };
		384BA2452449B03300631E9C /* JSONDecoderExtensions.swift in Sources */ = {isa = PBXBuildFile; fileRef = 384BA2442449B03300631E9C /* JSONDecoderExtensions.swift */; };
		384BA2472449B68300631E9C /* CharacterSetExtension.swift in Sources */ = {isa = PBXBuildFile; fileRef = 384BA2462449B68300631E9C /* CharacterSetExtension.swift */; };
		384BA2492449B6A900631E9C /* NSNumberExtension.swift in Sources */ = {isa = PBXBuildFile; fileRef = 384BA2482449B6A900631E9C /* NSNumberExtension.swift */; };
/* End PBXBuildFile section */

/* Begin PBXContainerItemProxy section */
		3814CFF2243866B10059C454 /* PBXContainerItemProxy */ = {
			isa = PBXContainerItemProxy;
			containerPortal = 3814CFD3243866B00059C454 /* Project object */;
			proxyType = 1;
			remoteGlobalIDString = 3814CFDA243866B00059C454;
			remoteInfo = Aphrodite;
		};
/* End PBXContainerItemProxy section */

/* Begin PBXFileReference section */
		3814CFDB243866B00059C454 /* Aphrodite.app */ = {isa = PBXFileReference; explicitFileType = wrapper.application; includeInIndex = 0; path = Aphrodite.app; sourceTree = BUILT_PRODUCTS_DIR; };
		3814CFDE243866B00059C454 /* AppDelegate.swift */ = {isa = PBXFileReference; lastKnownFileType = sourcecode.swift; path = AppDelegate.swift; sourceTree = "<group>"; };
		3814CFE0243866B00059C454 /* SceneDelegate.swift */ = {isa = PBXFileReference; lastKnownFileType = sourcecode.swift; path = SceneDelegate.swift; sourceTree = "<group>"; };
		3814CFE2243866B00059C454 /* ContentView.swift */ = {isa = PBXFileReference; lastKnownFileType = sourcecode.swift; path = ContentView.swift; sourceTree = "<group>"; };
		3814CFE4243866B10059C454 /* Assets.xcassets */ = {isa = PBXFileReference; lastKnownFileType = folder.assetcatalog; path = Assets.xcassets; sourceTree = "<group>"; };
		3814CFE7243866B10059C454 /* Preview Assets.xcassets */ = {isa = PBXFileReference; lastKnownFileType = folder.assetcatalog; path = "Preview Assets.xcassets"; sourceTree = "<group>"; };
		3814CFEA243866B10059C454 /* Base */ = {isa = PBXFileReference; lastKnownFileType = file.storyboard; name = Base; path = Base.lproj/LaunchScreen.storyboard; sourceTree = "<group>"; };
		3814CFEC243866B10059C454 /* Info.plist */ = {isa = PBXFileReference; lastKnownFileType = text.plist.xml; path = Info.plist; sourceTree = "<group>"; };
		3814CFF1243866B10059C454 /* AphroditeTests.xctest */ = {isa = PBXFileReference; explicitFileType = wrapper.cfbundle; includeInIndex = 0; path = AphroditeTests.xctest; sourceTree = BUILT_PRODUCTS_DIR; };
		3814CFF5243866B10059C454 /* AphroditeTests.swift */ = {isa = PBXFileReference; lastKnownFileType = sourcecode.swift; path = AphroditeTests.swift; sourceTree = "<group>"; };
		3814CFF7243866B10059C454 /* Info.plist */ = {isa = PBXFileReference; lastKnownFileType = text.plist.xml; path = Info.plist; sourceTree = "<group>"; };
		384BA20B2449958600631E9C /* .swiftlint.yml */ = {isa = PBXFileReference; fileEncoding = 4; lastKnownFileType = text.yaml; path = .swiftlint.yml; sourceTree = "<group>"; };
		384BA20C2449958700631E9C /* .gitignore */ = {isa = PBXFileReference; fileEncoding = 4; lastKnownFileType = text; path = .gitignore; sourceTree = "<group>"; };
		384BA211244996C400631E9C /* NetworkTarget.swift */ = {isa = PBXFileReference; lastKnownFileType = sourcecode.swift; path = NetworkTarget.swift; sourceTree = "<group>"; };
		384BA2152449979F00631E9C /* HttpHeaderField.swift */ = {isa = PBXFileReference; fileEncoding = 4; lastKnownFileType = sourcecode.swift; path = HttpHeaderField.swift; sourceTree = "<group>"; };
		384BA2162449979F00631E9C /* HttpMethod.swift */ = {isa = PBXFileReference; fileEncoding = 4; lastKnownFileType = sourcecode.swift; path = HttpMethod.swift; sourceTree = "<group>"; };
		384BA2172449979F00631E9C /* ApiError.swift */ = {isa = PBXFileReference; fileEncoding = 4; lastKnownFileType = sourcecode.swift; path = ApiError.swift; sourceTree = "<group>"; };
		384BA2182449979F00631E9C /* ApiErrorFactory.swift */ = {isa = PBXFileReference; fileEncoding = 4; lastKnownFileType = sourcecode.swift; path = ApiErrorFactory.swift; sourceTree = "<group>"; };
		384BA2192449979F00631E9C /* URLRequestFactory.swift */ = {isa = PBXFileReference; fileEncoding = 4; lastKnownFileType = sourcecode.swift; path = URLRequestFactory.swift; sourceTree = "<group>"; };
		384BA21A2449979F00631E9C /* NetworkResponse.swift */ = {isa = PBXFileReference; fileEncoding = 4; lastKnownFileType = sourcecode.swift; path = NetworkResponse.swift; sourceTree = "<group>"; };
		384BA21D2449979F00631E9C /* HttpTask.swift */ = {isa = PBXFileReference; fileEncoding = 4; lastKnownFileType = sourcecode.swift; path = HttpTask.swift; sourceTree = "<group>"; };
		384BA21E2449979F00631E9C /* NetworkRequestHeaderFactory.swift */ = {isa = PBXFileReference; fileEncoding = 4; lastKnownFileType = sourcecode.swift; path = NetworkRequestHeaderFactory.swift; sourceTree = "<group>"; };
		384BA22A2449982700631E9C /* URLParameterEncoding.swift */ = {isa = PBXFileReference; fileEncoding = 4; lastKnownFileType = sourcecode.swift; path = URLParameterEncoding.swift; sourceTree = "<group>"; };
		384BA22B2449982700631E9C /* ParameterEncoding.swift */ = {isa = PBXFileReference; fileEncoding = 4; lastKnownFileType = sourcecode.swift; path = ParameterEncoding.swift; sourceTree = "<group>"; };
		384BA22C2449982700631E9C /* JSONParameterEncoding.swift */ = {isa = PBXFileReference; fileEncoding = 4; lastKnownFileType = sourcecode.swift; path = JSONParameterEncoding.swift; sourceTree = "<group>"; };
		384BA2322449988300631E9C /* URLExtensions.swift */ = {isa = PBXFileReference; lastKnownFileType = sourcecode.swift; path = URLExtensions.swift; sourceTree = "<group>"; };
		384BA2362449996400631E9C /* ApiManager.swift */ = {isa = PBXFileReference; lastKnownFileType = sourcecode.swift; path = ApiManager.swift; sourceTree = "<group>"; };
		384BA2382449999500631E9C /* DomainErrorFactory.swift */ = {isa = PBXFileReference; lastKnownFileType = sourcecode.swift; path = DomainErrorFactory.swift; sourceTree = "<group>"; };
		384BA23A244999CD00631E9C /* DomainError.swift */ = {isa = PBXFileReference; lastKnownFileType = sourcecode.swift; path = DomainError.swift; sourceTree = "<group>"; };
		384BA23E2449AB0800631E9C /* URLRequestExtensions.swift */ = {isa = PBXFileReference; lastKnownFileType = sourcecode.swift; path = URLRequestExtensions.swift; sourceTree = "<group>"; };
		384BA2402449AB8F00631E9C /* DictionaryExtensions.swift */ = {isa = PBXFileReference; lastKnownFileType = sourcecode.swift; path = DictionaryExtensions.swift; sourceTree = "<group>"; };
		384BA2422449B02000631E9C /* JSONEncoderExtensions.swift */ = {isa = PBXFileReference; lastKnownFileType = sourcecode.swift; path = JSONEncoderExtensions.swift; sourceTree = "<group>"; };
		384BA2442449B03300631E9C /* JSONDecoderExtensions.swift */ = {isa = PBXFileReference; lastKnownFileType = sourcecode.swift; path = JSONDecoderExtensions.swift; sourceTree = "<group>"; };
		384BA2462449B68300631E9C /* CharacterSetExtension.swift */ = {isa = PBXFileReference; lastKnownFileType = sourcecode.swift; path = CharacterSetExtension.swift; sourceTree = "<group>"; };
		384BA2482449B6A900631E9C /* NSNumberExtension.swift */ = {isa = PBXFileReference; lastKnownFileType = sourcecode.swift; path = NSNumberExtension.swift; sourceTree = "<group>"; };
/* End PBXFileReference section */

/* Begin PBXFrameworksBuildPhase section */
		3814CFD8243866B00059C454 /* Frameworks */ = {
			isa = PBXFrameworksBuildPhase;
			buildActionMask = 2147483647;
			files = (
			);
			runOnlyForDeploymentPostprocessing = 0;
		};
		3814CFEE243866B10059C454 /* Frameworks */ = {
			isa = PBXFrameworksBuildPhase;
			buildActionMask = 2147483647;
			files = (
			);
			runOnlyForDeploymentPostprocessing = 0;
		};
/* End PBXFrameworksBuildPhase section */

/* Begin PBXGroup section */
		3814CFD2243866B00059C454 = {
			isa = PBXGroup;
			children = (
				3814CFDD243866B00059C454 /* Aphrodite */,
				3814CFF4243866B10059C454 /* AphroditeTests */,
				3814CFDC243866B00059C454 /* Products */,
				384BA20A2449954200631E9C /* RootFiles */,
			);
			sourceTree = "<group>";
		};
		3814CFDC243866B00059C454 /* Products */ = {
			isa = PBXGroup;
			children = (
				3814CFDB243866B00059C454 /* Aphrodite.app */,
				3814CFF1243866B10059C454 /* AphroditeTests.xctest */,
			);
			name = Products;
			sourceTree = "<group>";
		};
		3814CFDD243866B00059C454 /* Aphrodite */ = {
			isa = PBXGroup;
			children = (
				3814CFEC243866B10059C454 /* Info.plist */,
				384BA205244991A100631E9C /* Sources */,
				3814CFE6243866B10059C454 /* Preview Content */,
				384BA2072449940600631E9C /* Resources */,
			);
			path = Aphrodite;
			sourceTree = "<group>";
		};
		3814CFE6243866B10059C454 /* Preview Content */ = {
			isa = PBXGroup;
			children = (
				3814CFE7243866B10059C454 /* Preview Assets.xcassets */,
			);
			path = "Preview Content";
			sourceTree = "<group>";
		};
		3814CFF4243866B10059C454 /* AphroditeTests */ = {
			isa = PBXGroup;
			children = (
				3814CFF5243866B10059C454 /* AphroditeTests.swift */,
				3814CFF7243866B10059C454 /* Info.plist */,
			);
			path = AphroditeTests;
			sourceTree = "<group>";
		};
		384BA205244991A100631E9C /* Sources */ = {
			isa = PBXGroup;
			children = (
				384BA2552449C63F00631E9C /* Domain */,
				384BA2302449985C00631E9C /* Globals */,
				384BA20F244996B000631E9C /* Networking */,
				3814CFDE243866B00059C454 /* AppDelegate.swift */,
				3814CFE0243866B00059C454 /* SceneDelegate.swift */,
				3814CFE2243866B00059C454 /* ContentView.swift */,
			);
			path = Sources;
			sourceTree = "<group>";
		};
		384BA2072449940600631E9C /* Resources */ = {
			isa = PBXGroup;
			children = (
				3814CFE4243866B10059C454 /* Assets.xcassets */,
				3814CFE9243866B10059C454 /* LaunchScreen.storyboard */,
			);
			path = Resources;
			sourceTree = "<group>";
		};
		384BA20A2449954200631E9C /* RootFiles */ = {
			isa = PBXGroup;
			children = (
				384BA20C2449958700631E9C /* .gitignore */,
				384BA20B2449958600631E9C /* .swiftlint.yml */,
			);
			name = RootFiles;
			sourceTree = "<group>";
		};
		384BA20F244996B000631E9C /* Networking */ = {
			isa = PBXGroup;
			children = (
				384BA2362449996400631E9C /* ApiManager.swift */,
				384BA210244996B500631E9C /* Base */,
				384BA2572449CB3100631E9C /* Entities */,
				384BA24D2449C57E00631E9C /* Extensions */,
				384BA24A2449C48200631E9C /* Targets */,
			);
			path = Networking;
			sourceTree = "<group>";
		};
		384BA210244996B500631E9C /* Base */ = {
			isa = PBXGroup;
			children = (
				384BA229244997F700631E9C /* Encodings */,
				384BA211244996C400631E9C /* NetworkTarget.swift */,
				384BA2172449979F00631E9C /* ApiError.swift */,
				384BA2182449979F00631E9C /* ApiErrorFactory.swift */,
				384BA2152449979F00631E9C /* HttpHeaderField.swift */,
				384BA2162449979F00631E9C /* HttpMethod.swift */,
				384BA21D2449979F00631E9C /* HttpTask.swift */,
				384BA21E2449979F00631E9C /* NetworkRequestHeaderFactory.swift */,
				384BA21A2449979F00631E9C /* NetworkResponse.swift */,
				384BA2192449979F00631E9C /* URLRequestFactory.swift */,
			);
			path = Base;
			sourceTree = "<group>";
		};
		384BA229244997F700631E9C /* Encodings */ = {
			isa = PBXGroup;
			children = (
				384BA22B2449982700631E9C /* ParameterEncoding.swift */,
				384BA22C2449982700631E9C /* JSONParameterEncoding.swift */,
				384BA22A2449982700631E9C /* URLParameterEncoding.swift */,
			);
			path = Encodings;
			sourceTree = "<group>";
		};
		384BA2302449985C00631E9C /* Globals */ = {
			isa = PBXGroup;
			children = (
				384BA2312449986100631E9C /* Extensions */,
			);
			path = Globals;
			sourceTree = "<group>";
		};
		384BA2312449986100631E9C /* Extensions */ = {
			isa = PBXGroup;
			children = (
				384BA2322449988300631E9C /* URLExtensions.swift */,
				384BA2462449B68300631E9C /* CharacterSetExtension.swift */,
				384BA2482449B6A900631E9C /* NSNumberExtension.swift */,
				384BA2422449B02000631E9C /* JSONEncoderExtensions.swift */,
				384BA2442449B03300631E9C /* JSONDecoderExtensions.swift */,
				384BA23E2449AB0800631E9C /* URLRequestExtensions.swift */,
				384BA2402449AB8F00631E9C /* DictionaryExtensions.swift */,
			);
			path = Extensions;
			sourceTree = "<group>";
		};
		384BA2552449C63F00631E9C /* Domain */ = {
			isa = PBXGroup;
			children = (
				384BA23A244999CD00631E9C /* DomainError.swift */,
				384BA2382449999500631E9C /* DomainErrorFactory.swift */,
			);
			path = Domain;
			sourceTree = "<group>";
		};
/* End PBXGroup section */

/* Begin PBXNativeTarget section */
		3814CFDA243866B00059C454 /* Aphrodite */ = {
			isa = PBXNativeTarget;
			buildConfigurationList = 3814CFFA243866B10059C454 /* Build configuration list for PBXNativeTarget "Aphrodite" */;
			buildPhases = (
				384BA2062449932600631E9C /* SwiftLint */,
				3814CFD7243866B00059C454 /* Sources */,
				3814CFD8243866B00059C454 /* Frameworks */,
				3814CFD9243866B00059C454 /* Resources */,
			);
			buildRules = (
			);
			dependencies = (
			);
			name = Aphrodite;
			productName = Aphrodite;
			productReference = 3814CFDB243866B00059C454 /* Aphrodite.app */;
			productType = "com.apple.product-type.application";
		};
		3814CFF0243866B10059C454 /* AphroditeTests */ = {
			isa = PBXNativeTarget;
			buildConfigurationList = 3814CFFD243866B10059C454 /* Build configuration list for PBXNativeTarget "AphroditeTests" */;
			buildPhases = (
				3814CFED243866B10059C454 /* Sources */,
				3814CFEE243866B10059C454 /* Frameworks */,
				3814CFEF243866B10059C454 /* Resources */,
			);
			buildRules = (
			);
			dependencies = (
				3814CFF3243866B10059C454 /* PBXTargetDependency */,
			);
			name = AphroditeTests;
			productName = AphroditeTests;
			productReference = 3814CFF1243866B10059C454 /* AphroditeTests.xctest */;
			productType = "com.apple.product-type.bundle.unit-test";
		};
/* End PBXNativeTarget section */

/* Begin PBXProject section */
		3814CFD3243866B00059C454 /* Project object */ = {
			isa = PBXProject;
			attributes = {
				LastSwiftUpdateCheck = 1140;
				LastUpgradeCheck = 1140;
				ORGANIZATIONNAME = "Andreas Link";
				TargetAttributes = {
					3814CFDA243866B00059C454 = {
						CreatedOnToolsVersion = 11.4;
					};
					3814CFF0243866B10059C454 = {
						CreatedOnToolsVersion = 11.4;
						TestTargetID = 3814CFDA243866B00059C454;
					};
				};
			};
			buildConfigurationList = 3814CFD6243866B00059C454 /* Build configuration list for PBXProject "Aphrodite" */;
			compatibilityVersion = "Xcode 9.3";
			developmentRegion = en;
			hasScannedForEncodings = 0;
			knownRegions = (
				en,
				Base,
			);
			mainGroup = 3814CFD2243866B00059C454;
			productRefGroup = 3814CFDC243866B00059C454 /* Products */;
			projectDirPath = "";
			projectRoot = "";
			targets = (
				3814CFDA243866B00059C454 /* Aphrodite */,
				3814CFF0243866B10059C454 /* AphroditeTests */,
			);
		};
/* End PBXProject section */

/* Begin PBXResourcesBuildPhase section */
		3814CFD9243866B00059C454 /* Resources */ = {
			isa = PBXResourcesBuildPhase;
			buildActionMask = 2147483647;
			files = (
				384BA20E2449958700631E9C /* .gitignore in Resources */,
				384BA20D2449958700631E9C /* .swiftlint.yml in Resources */,
				3814CFEB243866B10059C454 /* LaunchScreen.storyboard in Resources */,
				3814CFE8243866B10059C454 /* Preview Assets.xcassets in Resources */,
				3814CFE5243866B10059C454 /* Assets.xcassets in Resources */,
			);
			runOnlyForDeploymentPostprocessing = 0;
		};
		3814CFEF243866B10059C454 /* Resources */ = {
			isa = PBXResourcesBuildPhase;
			buildActionMask = 2147483647;
			files = (
			);
			runOnlyForDeploymentPostprocessing = 0;
		};
/* End PBXResourcesBuildPhase section */

/* Begin PBXShellScriptBuildPhase section */
		384BA2062449932600631E9C /* SwiftLint */ = {
			isa = PBXShellScriptBuildPhase;
			buildActionMask = 2147483647;
			files = (
			);
			inputFileListPaths = (
			);
			inputPaths = (
			);
			name = SwiftLint;
			outputFileListPaths = (
			);
			outputPaths = (
			);
			runOnlyForDeploymentPostprocessing = 0;
			shellPath = /bin/sh;
			shellScript = "if which swiftlint >/dev/null; then\nswiftlint\nelse\necho \"warning: SwiftLint not installed, download from https://github.com/realm/SwiftLint\"\nfi\n";
		};
/* End PBXShellScriptBuildPhase section */

/* Begin PBXSourcesBuildPhase section */
		3814CFD7243866B00059C454 /* Sources */ = {
			isa = PBXSourcesBuildPhase;
			buildActionMask = 2147483647;
			files = (
				384BA2212449979F00631E9C /* ApiError.swift in Sources */,
				384BA2242449979F00631E9C /* NetworkResponse.swift in Sources */,
				384BA23D24499A5D00631E9C /* DomainError.swift in Sources */,
				384BA23C24499A5A00631E9C /* DomainErrorFactory.swift in Sources */,
				384BA2282449979F00631E9C /* NetworkRequestHeaderFactory.swift in Sources */,
				3814CFDF243866B00059C454 /* AppDelegate.swift in Sources */,
				384BA22D2449982700631E9C /* URLParameterEncoding.swift in Sources */,
				3814CFE1243866B00059C454 /* SceneDelegate.swift in Sources */,
				384BA22F2449982700631E9C /* JSONParameterEncoding.swift in Sources */,
				384BA2412449AB8F00631E9C /* DictionaryExtensions.swift in Sources */,
				384BA21F2449979F00631E9C /* HttpHeaderField.swift in Sources */,
				384BA2492449B6A900631E9C /* NSNumberExtension.swift in Sources */,
				384BA2452449B03300631E9C /* JSONDecoderExtensions.swift in Sources */,
				384BA2432449B02000631E9C /* JSONEncoderExtensions.swift in Sources */,
				384BA2272449979F00631E9C /* HttpTask.swift in Sources */,
				384BA2372449996400631E9C /* ApiManager.swift in Sources */,
				384BA22E2449982700631E9C /* ParameterEncoding.swift in Sources */,
				384BA2232449979F00631E9C /* URLRequestFactory.swift in Sources */,
				384BA2332449988300631E9C /* URLExtensions.swift in Sources */,
				384BA2472449B68300631E9C /* CharacterSetExtension.swift in Sources */,
				384BA2222449979F00631E9C /* ApiErrorFactory.swift in Sources */,
				3814CFE3243866B00059C454 /* ContentView.swift in Sources */,
				384BA23F2449AB0800631E9C /* URLRequestExtensions.swift in Sources */,
				384BA2202449979F00631E9C /* HttpMethod.swift in Sources */,
				384BA212244996C400631E9C /* NetworkTarget.swift in Sources */,
			);
			runOnlyForDeploymentPostprocessing = 0;
		};
		3814CFED243866B10059C454 /* Sources */ = {
			isa = PBXSourcesBuildPhase;
			buildActionMask = 2147483647;
			files = (
				3814CFF6243866B10059C454 /* AphroditeTests.swift in Sources */,
			);
			runOnlyForDeploymentPostprocessing = 0;
		};
/* End PBXSourcesBuildPhase section */

/* Begin PBXTargetDependency section */
		3814CFF3243866B10059C454 /* PBXTargetDependency */ = {
			isa = PBXTargetDependency;
			target = 3814CFDA243866B00059C454 /* Aphrodite */;
			targetProxy = 3814CFF2243866B10059C454 /* PBXContainerItemProxy */;
		};
/* End PBXTargetDependency section */

/* Begin PBXVariantGroup section */
		3814CFE9243866B10059C454 /* LaunchScreen.storyboard */ = {
			isa = PBXVariantGroup;
			children = (
				3814CFEA243866B10059C454 /* Base */,
			);
			name = LaunchScreen.storyboard;
			sourceTree = "<group>";
		};
/* End PBXVariantGroup section */

/* Begin XCBuildConfiguration section */
		3814CFF8243866B10059C454 /* Debug */ = {
			isa = XCBuildConfiguration;
			buildSettings = {
				ALWAYS_SEARCH_USER_PATHS = NO;
				CLANG_ANALYZER_NONNULL = YES;
				CLANG_ANALYZER_NUMBER_OBJECT_CONVERSION = YES_AGGRESSIVE;
				CLANG_CXX_LANGUAGE_STANDARD = "gnu++14";
				CLANG_CXX_LIBRARY = "libc++";
				CLANG_ENABLE_MODULES = YES;
				CLANG_ENABLE_OBJC_ARC = YES;
				CLANG_ENABLE_OBJC_WEAK = YES;
				CLANG_WARN_BLOCK_CAPTURE_AUTORELEASING = YES;
				CLANG_WARN_BOOL_CONVERSION = YES;
				CLANG_WARN_COMMA = YES;
				CLANG_WARN_CONSTANT_CONVERSION = YES;
				CLANG_WARN_DEPRECATED_OBJC_IMPLEMENTATIONS = YES;
				CLANG_WARN_DIRECT_OBJC_ISA_USAGE = YES_ERROR;
				CLANG_WARN_DOCUMENTATION_COMMENTS = YES;
				CLANG_WARN_EMPTY_BODY = YES;
				CLANG_WARN_ENUM_CONVERSION = YES;
				CLANG_WARN_INFINITE_RECURSION = YES;
				CLANG_WARN_INT_CONVERSION = YES;
				CLANG_WARN_NON_LITERAL_NULL_CONVERSION = YES;
				CLANG_WARN_OBJC_IMPLICIT_RETAIN_SELF = YES;
				CLANG_WARN_OBJC_LITERAL_CONVERSION = YES;
				CLANG_WARN_OBJC_ROOT_CLASS = YES_ERROR;
				CLANG_WARN_RANGE_LOOP_ANALYSIS = YES;
				CLANG_WARN_STRICT_PROTOTYPES = YES;
				CLANG_WARN_SUSPICIOUS_MOVE = YES;
				CLANG_WARN_UNGUARDED_AVAILABILITY = YES_AGGRESSIVE;
				CLANG_WARN_UNREACHABLE_CODE = YES;
				CLANG_WARN__DUPLICATE_METHOD_MATCH = YES;
				COPY_PHASE_STRIP = NO;
				DEBUG_INFORMATION_FORMAT = dwarf;
				ENABLE_STRICT_OBJC_MSGSEND = YES;
				ENABLE_TESTABILITY = YES;
				GCC_C_LANGUAGE_STANDARD = gnu11;
				GCC_DYNAMIC_NO_PIC = NO;
				GCC_NO_COMMON_BLOCKS = YES;
				GCC_OPTIMIZATION_LEVEL = 0;
				GCC_PREPROCESSOR_DEFINITIONS = (
					"DEBUG=1",
					"$(inherited)",
				);
				GCC_WARN_64_TO_32_BIT_CONVERSION = YES;
				GCC_WARN_ABOUT_RETURN_TYPE = YES_ERROR;
				GCC_WARN_UNDECLARED_SELECTOR = YES;
				GCC_WARN_UNINITIALIZED_AUTOS = YES_AGGRESSIVE;
				GCC_WARN_UNUSED_FUNCTION = YES;
				GCC_WARN_UNUSED_VARIABLE = YES;
				IPHONEOS_DEPLOYMENT_TARGET = 13.4;
				MTL_ENABLE_DEBUG_INFO = INCLUDE_SOURCE;
				MTL_FAST_MATH = YES;
				ONLY_ACTIVE_ARCH = YES;
				SDKROOT = iphoneos;
				SWIFT_ACTIVE_COMPILATION_CONDITIONS = DEBUG;
				SWIFT_OPTIMIZATION_LEVEL = "-Onone";
			};
			name = Debug;
		};
		3814CFF9243866B10059C454 /* Release */ = {
			isa = XCBuildConfiguration;
			buildSettings = {
				ALWAYS_SEARCH_USER_PATHS = NO;
				CLANG_ANALYZER_NONNULL = YES;
				CLANG_ANALYZER_NUMBER_OBJECT_CONVERSION = YES_AGGRESSIVE;
				CLANG_CXX_LANGUAGE_STANDARD = "gnu++14";
				CLANG_CXX_LIBRARY = "libc++";
				CLANG_ENABLE_MODULES = YES;
				CLANG_ENABLE_OBJC_ARC = YES;
				CLANG_ENABLE_OBJC_WEAK = YES;
				CLANG_WARN_BLOCK_CAPTURE_AUTORELEASING = YES;
				CLANG_WARN_BOOL_CONVERSION = YES;
				CLANG_WARN_COMMA = YES;
				CLANG_WARN_CONSTANT_CONVERSION = YES;
				CLANG_WARN_DEPRECATED_OBJC_IMPLEMENTATIONS = YES;
				CLANG_WARN_DIRECT_OBJC_ISA_USAGE = YES_ERROR;
				CLANG_WARN_DOCUMENTATION_COMMENTS = YES;
				CLANG_WARN_EMPTY_BODY = YES;
				CLANG_WARN_ENUM_CONVERSION = YES;
				CLANG_WARN_INFINITE_RECURSION = YES;
				CLANG_WARN_INT_CONVERSION = YES;
				CLANG_WARN_NON_LITERAL_NULL_CONVERSION = YES;
				CLANG_WARN_OBJC_IMPLICIT_RETAIN_SELF = YES;
				CLANG_WARN_OBJC_LITERAL_CONVERSION = YES;
				CLANG_WARN_OBJC_ROOT_CLASS = YES_ERROR;
				CLANG_WARN_RANGE_LOOP_ANALYSIS = YES;
				CLANG_WARN_STRICT_PROTOTYPES = YES;
				CLANG_WARN_SUSPICIOUS_MOVE = YES;
				CLANG_WARN_UNGUARDED_AVAILABILITY = YES_AGGRESSIVE;
				CLANG_WARN_UNREACHABLE_CODE = YES;
				CLANG_WARN__DUPLICATE_METHOD_MATCH = YES;
				COPY_PHASE_STRIP = NO;
				DEBUG_INFORMATION_FORMAT = "dwarf-with-dsym";
				ENABLE_NS_ASSERTIONS = NO;
				ENABLE_STRICT_OBJC_MSGSEND = YES;
				GCC_C_LANGUAGE_STANDARD = gnu11;
				GCC_NO_COMMON_BLOCKS = YES;
				GCC_WARN_64_TO_32_BIT_CONVERSION = YES;
				GCC_WARN_ABOUT_RETURN_TYPE = YES_ERROR;
				GCC_WARN_UNDECLARED_SELECTOR = YES;
				GCC_WARN_UNINITIALIZED_AUTOS = YES_AGGRESSIVE;
				GCC_WARN_UNUSED_FUNCTION = YES;
				GCC_WARN_UNUSED_VARIABLE = YES;
				IPHONEOS_DEPLOYMENT_TARGET = 13.4;
				MTL_ENABLE_DEBUG_INFO = NO;
				MTL_FAST_MATH = YES;
				SDKROOT = iphoneos;
				SWIFT_COMPILATION_MODE = wholemodule;
				SWIFT_OPTIMIZATION_LEVEL = "-O";
				VALIDATE_PRODUCT = YES;
			};
			name = Release;
		};
		3814CFFB243866B10059C454 /* Debug */ = {
			isa = XCBuildConfiguration;
			buildSettings = {
				ASSETCATALOG_COMPILER_APPICON_NAME = AppIcon;
				CODE_SIGN_STYLE = Automatic;
				DEVELOPMENT_ASSET_PATHS = "\"Aphrodite/Preview Content\"";
				DEVELOPMENT_TEAM = 59983C7393;
				ENABLE_PREVIEWS = YES;
				INFOPLIST_FILE = Aphrodite/Info.plist;
				LD_RUNPATH_SEARCH_PATHS = (
					"$(inherited)",
					"@executable_path/Frameworks",
				);
				PRODUCT_BUNDLE_IDENTIFIER = de.link.Aphrodite;
				PRODUCT_NAME = "$(TARGET_NAME)";
				SWIFT_VERSION = 5.0;
				TARGETED_DEVICE_FAMILY = "1,2";
			};
			name = Debug;
		};
		3814CFFC243866B10059C454 /* Release */ = {
			isa = XCBuildConfiguration;
			buildSettings = {
				ASSETCATALOG_COMPILER_APPICON_NAME = AppIcon;
				CODE_SIGN_STYLE = Automatic;
				DEVELOPMENT_ASSET_PATHS = "\"Aphrodite/Preview Content\"";
				DEVELOPMENT_TEAM = 59983C7393;
				ENABLE_PREVIEWS = YES;
				INFOPLIST_FILE = Aphrodite/Info.plist;
				LD_RUNPATH_SEARCH_PATHS = (
					"$(inherited)",
					"@executable_path/Frameworks",
				);
				PRODUCT_BUNDLE_IDENTIFIER = de.link.Aphrodite;
				PRODUCT_NAME = "$(TARGET_NAME)";
				SWIFT_VERSION = 5.0;
				TARGETED_DEVICE_FAMILY = "1,2";
			};
			name = Release;
		};
		3814CFFE243866B10059C454 /* Debug */ = {
			isa = XCBuildConfiguration;
			buildSettings = {
				ALWAYS_EMBED_SWIFT_STANDARD_LIBRARIES = YES;
				BUNDLE_LOADER = "$(TEST_HOST)";
				CODE_SIGN_STYLE = Automatic;
				DEVELOPMENT_TEAM = 59983C7393;
				INFOPLIST_FILE = AphroditeTests/Info.plist;
				IPHONEOS_DEPLOYMENT_TARGET = 13.4;
				LD_RUNPATH_SEARCH_PATHS = (
					"$(inherited)",
					"@executable_path/Frameworks",
					"@loader_path/Frameworks",
				);
				PRODUCT_BUNDLE_IDENTIFIER = de.link.AphroditeTests;
				PRODUCT_NAME = "$(TARGET_NAME)";
				SWIFT_VERSION = 5.0;
				TARGETED_DEVICE_FAMILY = "1,2";
				TEST_HOST = "$(BUILT_PRODUCTS_DIR)/Aphrodite.app/Aphrodite";
			};
			name = Debug;
		};
		3814CFFF243866B10059C454 /* Release */ = {
			isa = XCBuildConfiguration;
			buildSettings = {
				ALWAYS_EMBED_SWIFT_STANDARD_LIBRARIES = YES;
				BUNDLE_LOADER = "$(TEST_HOST)";
				CODE_SIGN_STYLE = Automatic;
				DEVELOPMENT_TEAM = 59983C7393;
				INFOPLIST_FILE = AphroditeTests/Info.plist;
				IPHONEOS_DEPLOYMENT_TARGET = 13.4;
				LD_RUNPATH_SEARCH_PATHS = (
					"$(inherited)",
					"@executable_path/Frameworks",
					"@loader_path/Frameworks",
				);
				PRODUCT_BUNDLE_IDENTIFIER = de.link.AphroditeTests;
				PRODUCT_NAME = "$(TARGET_NAME)";
				SWIFT_VERSION = 5.0;
				TARGETED_DEVICE_FAMILY = "1,2";
				TEST_HOST = "$(BUILT_PRODUCTS_DIR)/Aphrodite.app/Aphrodite";
			};
			name = Release;
		};
/* End XCBuildConfiguration section */

/* Begin XCConfigurationList section */
		3814CFD6243866B00059C454 /* Build configuration list for PBXProject "Aphrodite" */ = {
			isa = XCConfigurationList;
			buildConfigurations = (
				3814CFF8243866B10059C454 /* Debug */,
				3814CFF9243866B10059C454 /* Release */,
			);
			defaultConfigurationIsVisible = 0;
			defaultConfigurationName = Release;
		};
		3814CFFA243866B10059C454 /* Build configuration list for PBXNativeTarget "Aphrodite" */ = {
			isa = XCConfigurationList;
			buildConfigurations = (
				3814CFFB243866B10059C454 /* Debug */,
				3814CFFC243866B10059C454 /* Release */,
			);
			defaultConfigurationIsVisible = 0;
			defaultConfigurationName = Release;
		};
		3814CFFD243866B10059C454 /* Build configuration list for PBXNativeTarget "AphroditeTests" */ = {
			isa = XCConfigurationList;
			buildConfigurations = (
				3814CFFE243866B10059C454 /* Debug */,
				3814CFFF243866B10059C454 /* Release */,
			);
			defaultConfigurationIsVisible = 0;
			defaultConfigurationName = Release;
		};
/* End XCConfigurationList section */
	};
	rootObject = 3814CFD3243866B00059C454 /* Project object */;
}
